
Microsoft Visual Studio Solution File, Format Version 12.00
# Visual Studio Version 17
VisualStudioVersion = 17.14.36518.9 d17.14
MinimumVisualStudioVersion = 10.0.40219.1
Project("{FAE04EC0-301F-11D3-BF4B-00C04F79EFBC}") = "RoutingServer", "LetsGoBiking\RoutingServer.csproj", "{0609FE60-78A2-48B7-93DB-BF4C9D718F73}"
	ProjectSection(ProjectDependencies) = postProject
		{2C419B12-5DDC-4127-8862-DB40D7DBCC46} = {2C419B12-5DDC-4127-8862-DB40D7DBCC46}
	EndProjectSection
EndProject
Project("{FAE04EC0-301F-11D3-BF4B-00C04F79EFBC}") = "ProxyServer", "ProxyServer\ProxyServer.csproj", "{2C419B12-5DDC-4127-8862-DB40D7DBCC46}"
EndProject
Global
	GlobalSection(SolutionConfigurationPlatforms) = preSolution
		Debug|Any CPU = Debug|Any CPU
		Release|Any CPU = Release|Any CPU
	EndGlobalSection
	GlobalSection(ProjectConfigurationPlatforms) = postSolution
		{0609FE60-78A2-48B7-93DB-BF4C9D718F73}.Debug|Any CPU.ActiveCfg = Debug|Any CPU
		{0609FE60-78A2-48B7-93DB-BF4C9D718F73}.Debug|Any CPU.Build.0 = Debug|Any CPU
		{0609FE60-78A2-48B7-93DB-BF4C9D718F73}.Release|Any CPU.ActiveCfg = Release|Any CPU
		{0609FE60-78A2-48B7-93DB-BF4C9D718F73}.Release|Any CPU.Build.0 = Release|Any CPU
		{2C419B12-5DDC-4127-8862-DB40D7DBCC46}.Debug|Any CPU.ActiveCfg = Debug|Any CPU
		{2C419B12-5DDC-4127-8862-DB40D7DBCC46}.Debug|Any CPU.Build.0 = Debug|Any CPU
		{2C419B12-5DDC-4127-8862-DB40D7DBCC46}.Release|Any CPU.ActiveCfg = Release|Any CPU
		{2C419B12-5DDC-4127-8862-DB40D7DBCC46}.Release|Any CPU.Build.0 = Release|Any CPU
	EndGlobalSection
	GlobalSection(SolutionProperties) = preSolution
		HideSolutionNode = FALSE
	EndGlobalSection
	GlobalSection(ExtensibilityGlobals) = postSolution
		SolutionGuid = {B706B226-3FFD-4C8D-A01F-D4FD02A49CAB}
	EndGlobalSection
EndGlobal
